
Microsoft Visual Studio Solution File, Format Version 12.00
# Visual Studio Version 17
VisualStudioVersion = 17.3.32819.101
MinimumVisualStudioVersion = 10.0.40219.1
Project("{FAE04EC0-301F-11D3-BF4B-00C04F79EFBC}") = "BuilderPatternWebApp", "BuilderPatternWebApp\BuilderPatternWebApp.csproj", "{EC76B293-18D4-499C-A048-3F98C4AF0C4C}"
EndProject
Global
	GlobalSection(SolutionConfigurationPlatforms) = preSolution
		Debug|Any CPU = Debug|Any CPU
		Release|Any CPU = Release|Any CPU
	EndGlobalSection
	GlobalSection(ProjectConfigurationPlatforms) = postSolution
		{EC76B293-18D4-499C-A048-3F98C4AF0C4C}.Debug|Any CPU.ActiveCfg = Debug|Any CPU
		{EC76B293-18D4-499C-A048-3F98C4AF0C4C}.Debug|Any CPU.Build.0 = Debug|Any CPU
		{EC76B293-18D4-499C-A048-3F98C4AF0C4C}.Release|Any CPU.ActiveCfg = Release|Any CPU
		{EC76B293-18D4-499C-A048-3F98C4AF0C4C}.Release|Any CPU.Build.0 = Release|Any CPU
	EndGlobalSection
	GlobalSection(SolutionProperties) = preSolution
		HideSolutionNode = FALSE
	EndGlobalSection
	GlobalSection(ExtensibilityGlobals) = postSolution
		SolutionGuid = {6878F7BB-C49A-41A2-896A-505E5EDA9A18}
	EndGlobalSection
EndGlobal
